
Microsoft Visual Studio Solution File, Format Version 12.00
# Visual Studio Version 17
VisualStudioVersion = 17.3.32825.248
MinimumVisualStudioVersion = 10.0.40219.1
Project("{FAE04EC0-301F-11D3-BF4B-00C04F79EFBC}") = "Fibonacci", "Fibonacci.csproj", "{44F7C730-8E4D-4FC3-BE39-B1D1661F9B2A}"
EndProject
Global
	GlobalSection(SolutionConfigurationPlatforms) = preSolution
		Debug|Any CPU = Debug|Any CPU
		Release|Any CPU = Release|Any CPU
	EndGlobalSection
	GlobalSection(ProjectConfigurationPlatforms) = postSolution
		{44F7C730-8E4D-4FC3-BE39-B1D1661F9B2A}.Debug|Any CPU.ActiveCfg = Debug|Any CPU
		{44F7C730-8E4D-4FC3-BE39-B1D1661F9B2A}.Debug|Any CPU.Build.0 = Debug|Any CPU
		{44F7C730-8E4D-4FC3-BE39-B1D1661F9B2A}.Release|Any CPU.ActiveCfg = Release|Any CPU
		{44F7C730-8E4D-4FC3-BE39-B1D1661F9B2A}.Release|Any CPU.Build.0 = Release|Any CPU
	EndGlobalSection
	GlobalSection(SolutionProperties) = preSolution
		HideSolutionNode = FALSE
	EndGlobalSection
	GlobalSection(ExtensibilityGlobals) = postSolution
		SolutionGuid = {0A1E7835-5E6D-4DCC-8499-47760927CE1E}
	EndGlobalSection
EndGlobal
